<?xml version="1.0" encoding="utf-8"?>
<Project ToolsVersion="4.0" xmlns="http://schemas.microsoft.com/developer/msbuild/2003">
  <ItemGroup>
    <Filter Include="Source Files">
      <UniqueIdentifier>{68e904e0-a737-4aa7-8aec-4ff2dc955ba9}</UniqueIdentifier>
    </Filter>
    <Filter Include="Source Files\buckets">
      <UniqueIdentifier>{d1a2a572-1ec7-4b44-b969-dbd2f9da8079}</UniqueIdentifier>
    </Filter>
    <Filter Include="Source Files\crypto">
      <UniqueIdentifier>{a0739910-fde0-434b-9b10-b65991811e47}</UniqueIdentifier>
    </Filter>
    <Filter Include="Source Files\dbd">
      <UniqueIdentifier>{843dc298-ddb7-4cc9-b288-faad44bd69ed}</UniqueIdentifier>
    </Filter>
    <Filter Include="Source Files\dbm">
      <UniqueIdentifier>{244a8710-8033-4e24-b34c-9bbac9fdded3}</UniqueIdentifier>
    </Filter>
    <Filter Include="Source Files\encoding">
      <UniqueIdentifier>{db634a37-7dcc-4e3e-9ba0-234b1b9e4e74}</UniqueIdentifier>
    </Filter>
    <Filter Include="Source Files\hooks">
      <UniqueIdentifier>{e60ac884-96a3-47b8-acb3-5977d8406a19}</UniqueIdentifier>
    </Filter>
    <Filter Include="Source Files\ldap">
      <UniqueIdentifier>{d6f7ee44-708d-4a91-841b-9e904ba63624}</UniqueIdentifier>
    </Filter>
    <Filter Include="Source Files\memcache">
      <UniqueIdentifier>{86c0b0be-ade5-4b75-aa64-4d7b6286cf7d}</UniqueIdentifier>
    </Filter>
    <Filter Include="Source Files\misc">
      <UniqueIdentifier>{9b43245b-1780-4efb-a760-5b87146886e7}</UniqueIdentifier>
    </Filter>
    <Filter Include="Source Files\sdbm">
      <UniqueIdentifier>{7dbb4bb1-dbd3-40eb-a5a6-abf9cddd895c}</UniqueIdentifier>
    </Filter>
    <Filter Include="Source Files\strmatch">
      <UniqueIdentifier>{8aeeba1b-d0bd-43d0-8067-df1fb78de164}</UniqueIdentifier>
    </Filter>
    <Filter Include="Source Files\uri">
      <UniqueIdentifier>{45c88083-323e-42ea-b650-c101636e0c6d}</UniqueIdentifier>
    </Filter>
    <Filter Include="Source Files\xlate">
      <UniqueIdentifier>{a28259e4-762b-4499-ba4f-8dc89e03d0e1}</UniqueIdentifier>
    </Filter>
    <Filter Include="Source Files\xml">
      <UniqueIdentifier>{9947a64e-eac5-49a6-8094-1b6d9c43dbf1}</UniqueIdentifier>
    </Filter>
    <Filter Include="Generated Files">
      <UniqueIdentifier>{20eb6ff5-8bd9-4fa4-8224-d889c5b664df}</UniqueIdentifier>
    </Filter>
    <Filter Include="Public Header Files">
      <UniqueIdentifier>{4dee9c28-b6b6-4dd0-a251-2d03fa7fde90}</UniqueIdentifier>
    </Filter>
  </ItemGroup>
  <ItemGroup>
    <ClCompile Include="buckets\apr_brigade.c">
      <Filter>Source Files\buckets</Filter>
    </ClCompile>
    <ClCompile Include="buckets\apr_buckets.c">
      <Filter>Source Files\buckets</Filter>
    </ClCompile>
    <ClCompile Include="buckets\apr_buckets_alloc.c">
      <Filter>Source Files\buckets</Filter>
    </ClCompile>
    <ClCompile Include="buckets\apr_buckets_eos.c">
      <Filter>Source Files\buckets</Filter>
    </ClCompile>
    <ClCompile Include="buckets\apr_buckets_file.c">
      <Filter>Source Files\buckets</Filter>
    </ClCompile>
    <ClCompile Include="buckets\apr_buckets_flush.c">
      <Filter>Source Files\buckets</Filter>
    </ClCompile>
    <ClCompile Include="buckets\apr_buckets_heap.c">
      <Filter>Source Files\buckets</Filter>
    </ClCompile>
    <ClCompile Include="buckets\apr_buckets_mmap.c">
      <Filter>Source Files\buckets</Filter>
    </ClCompile>
    <ClCompile Include="buckets\apr_buckets_pipe.c">
      <Filter>Source Files\buckets</Filter>
    </ClCompile>
    <ClCompile Include="buckets\apr_buckets_pool.c">
      <Filter>Source Files\buckets</Filter>
    </ClCompile>
    <ClCompile Include="buckets\apr_buckets_refcount.c">
      <Filter>Source Files\buckets</Filter>
    </ClCompile>
    <ClCompile Include="buckets\apr_buckets_simple.c">
      <Filter>Source Files\buckets</Filter>
    </ClCompile>
    <ClCompile Include="buckets\apr_buckets_socket.c">
      <Filter>Source Files\buckets</Filter>
    </ClCompile>
    <ClCompile Include="crypto\apr_crypto.c">
      <Filter>Source Files\crypto</Filter>
    </ClCompile>
    <ClCompile Include="crypto\apr_md4.c">
      <Filter>Source Files\crypto</Filter>
    </ClCompile>
    <ClCompile Include="crypto\apr_md5.c">
      <Filter>Source Files\crypto</Filter>
    </ClCompile>
    <ClCompile Include="crypto\apr_passwd.c">
      <Filter>Source Files\crypto</Filter>
    </ClCompile>
    <ClCompile Include="crypto\apr_sha1.c">
      <Filter>Source Files\crypto</Filter>
    </ClCompile>
    <ClCompile Include="crypto\crypt_blowfish.c">
      <Filter>Source Files\crypto</Filter>
    </ClCompile>
    <ClCompile Include="crypto\getuuid.c">
      <Filter>Source Files\crypto</Filter>
    </ClCompile>
    <ClCompile Include="crypto\uuid.c">
      <Filter>Source Files\crypto</Filter>
    </ClCompile>
    <ClCompile Include="dbd\apr_dbd.c">
      <Filter>Source Files\dbd</Filter>
    </ClCompile>
    <ClCompile Include="dbd\apr_dbd_freetds.c">
      <Filter>Source Files\dbd</Filter>
    </ClCompile>
    <ClCompile Include="dbd\apr_dbd_mysql.c">
      <Filter>Source Files\dbd</Filter>
    </ClCompile>
    <ClCompile Include="dbd\apr_dbd_odbc.c">
      <Filter>Source Files\dbd</Filter>
    </ClCompile>
    <ClCompile Include="dbd\apr_dbd_oracle.c">
      <Filter>Source Files\dbd</Filter>
    </ClCompile>
    <ClCompile Include="dbd\apr_dbd_pgsql.c">
      <Filter>Source Files\dbd</Filter>
    </ClCompile>
    <ClCompile Include="dbd\apr_dbd_sqlite2.c">
      <Filter>Source Files\dbd</Filter>
    </ClCompile>
    <ClCompile Include="dbd\apr_dbd_sqlite3.c">
      <Filter>Source Files\dbd</Filter>
    </ClCompile>
    <ClCompile Include="dbm\apr_dbm.c">
      <Filter>Source Files\dbm</Filter>
    </ClCompile>
    <ClCompile Include="dbm\apr_dbm_berkeleydb.c">
      <Filter>Source Files\dbm</Filter>
    </ClCompile>
    <ClCompile Include="dbm\apr_dbm_gdbm.c">
      <Filter>Source Files\dbm</Filter>
    </ClCompile>
    <ClCompile Include="dbm\apr_dbm_sdbm.c">
      <Filter>Source Files\dbm</Filter>
    </ClCompile>
    <ClCompile Include="encoding\apr_base64.c">
      <Filter>Source Files\encoding</Filter>
    </ClCompile>
    <ClCompile Include="hooks\apr_hooks.c">
      <Filter>Source Files\hooks</Filter>
    </ClCompile>
    <ClCompile Include="ldap\apr_ldap_init.c">
      <Filter>Source Files\ldap</Filter>
    </ClCompile>
    <ClCompile Include="ldap\apr_ldap_option.c">
      <Filter>Source Files\ldap</Filter>
    </ClCompile>
    <ClCompile Include="ldap\apr_ldap_rebind.c">
      <Filter>Source Files\ldap</Filter>
    </ClCompile>
    <ClCompile Include="ldap\apr_ldap_stub.c">
      <Filter>Source Files\ldap</Filter>
    </ClCompile>
    <ClCompile Include="ldap\apr_ldap_url.c">
      <Filter>Source Files\ldap</Filter>
    </ClCompile>
    <ClCompile Include="memcache\apr_memcache.c">
      <Filter>Source Files\memcache</Filter>
    </ClCompile>
    <ClCompile Include="misc\apr_date.c">
      <Filter>Source Files\misc</Filter>
    </ClCompile>
    <ClCompile Include="misc\apu_dso.c">
      <Filter>Source Files\misc</Filter>
    </ClCompile>
    <ClCompile Include="misc\apr_queue.c">
      <Filter>Source Files\misc</Filter>
    </ClCompile>
    <ClCompile Include="misc\apr_reslist.c">
      <Filter>Source Files\misc</Filter>
    </ClCompile>
    <ClCompile Include="misc\apr_rmm.c">
      <Filter>Source Files\misc</Filter>
    </ClCompile>
    <ClCompile Include="misc\apr_thread_pool.c">
      <Filter>Source Files\misc</Filter>
    </ClCompile>
    <ClCompile Include="misc\apu_version.c">
      <Filter>Source Files\misc</Filter>
    </ClCompile>
    <ClCompile Include="dbm\sdbm\sdbm.c">
      <Filter>Source Files\sdbm</Filter>
    </ClCompile>
    <ClCompile Include="dbm\sdbm\sdbm_hash.c">
      <Filter>Source Files\sdbm</Filter>
    </ClCompile>
    <ClCompile Include="dbm\sdbm\sdbm_lock.c">
      <Filter>Source Files\sdbm</Filter>
    </ClCompile>
    <ClCompile Include="dbm\sdbm\sdbm_pair.c">
      <Filter>Source Files\sdbm</Filter>
    </ClCompile>
    <ClCompile Include="strmatch\apr_strmatch.c">
      <Filter>Source Files\strmatch</Filter>
    </ClCompile>
    <ClCompile Include="uri\apr_uri.c">
      <Filter>Source Files\uri</Filter>
    </ClCompile>
    <ClCompile Include="xlate\xlate.c">
      <Filter>Source Files\xlate</Filter>
    </ClCompile>
    <ClCompile Include="xml\apr_xml.c">
      <Filter>Source Files\xml</Filter>
    </ClCompile>
  </ItemGroup>
  <ItemGroup>
    <ClInclude Include="crypto\crypt_blowfish.h">
      <Filter>Source Files\crypto</Filter>
    </ClInclude>
    <ClInclude Include="dbm\sdbm\sdbm_pair.h">
      <Filter>Source Files\sdbm</Filter>
    </ClInclude>
    <ClInclude Include="dbm\sdbm\sdbm_private.h">
      <Filter>Source Files\sdbm</Filter>
    </ClInclude>
    <ClInclude Include="dbm\sdbm\sdbm_tune.h">
      <Filter>Source Files\sdbm</Filter>
    </ClInclude>
    <ClInclude Include="include\apr_anylock.h">
      <Filter>Public Header Files</Filter>
    </ClInclude>
    <ClInclude Include="include\apr_base64.h">
      <Filter>Public Header Files</Filter>
    </ClInclude>
    <ClInclude Include="include\apr_buckets.h">
      <Filter>Public Header Files</Filter>
    </ClInclude>
    <ClInclude Include="include\apr_date.h">
      <Filter>Public Header Files</Filter>
    </ClInclude>
    <ClInclude Include="include\apr_dbm.h">
      <Filter>Public Header Files</Filter>
    </ClInclude>
    <ClInclude Include="include\apr_hooks.h">
      <Filter>Public Header Files</Filter>
    </ClInclude>
    <ClInclude Include="include\apr_ldap_url.h">
      <Filter>Public Header Files</Filter>
    </ClInclude>
    <ClInclude Include="include\apr_md4.h">
      <Filter>Public Header Files</Filter>
    </ClInclude>
    <ClInclude Include="include\apr_md5.h">
      <Filter>Public Header Files</Filter>
    </ClInclude>
    <ClInclude Include="include\apr_memcache.h">
      <Filter>Public Header Files</Filter>
    </ClInclude>
    <ClInclude Include="include\apr_optional.h">
      <Filter>Public Header Files</Filter>
    </ClInclude>
    <ClInclude Include="include\apr_optional_hooks.h">
      <Filter>Public Header Files</Filter>
    </ClInclude>
    <ClInclude Include="include\apr_queue.h">
      <Filter>Public Header Files</Filter>
    </ClInclude>
    <ClInclude Include="include\apr_reslist.h">
      <Filter>Public Header Files</Filter>
    </ClInclude>
    <ClInclude Include="include\apr_rmm.h">
      <Filter>Public Header Files</Filter>
    </ClInclude>
    <ClInclude Include="include\apr_sdbm.h">
      <Filter>Public Header Files</Filter>
    </ClInclude>
    <ClInclude Include="include\apr_sha1.h">
      <Filter>Public Header Files</Filter>
    </ClInclude>
    <ClInclude Include="include\apr_strmatch.h">
      <Filter>Public Header Files</Filter>
    </ClInclude>
    <ClInclude Include="include\apr_thread_pool.h">
      <Filter>Public Header Files</Filter>
    </ClInclude>
    <ClInclude Include="include\apr_uri.h">
      <Filter>Public Header Files</Filter>
    </ClInclude>
    <ClInclude Include="include\apr_uuid.h">
      <Filter>Public Header Files</Filter>
    </ClInclude>
    <ClInclude Include="include\apr_xlate.h">
      <Filter>Public Header Files</Filter>
    </ClInclude>
    <ClInclude Include="include\apr_xml.h">
      <Filter>Public Header Files</Filter>
    </ClInclude>
    <ClInclude Include="include\apu_version.h">
      <Filter>Public Header Files</Filter>
    </ClInclude>
  </ItemGroup>
  <ItemGroup>
    <CustomBuild Include="include\apr_ldap.h.in">
      <Filter>Generated Files</Filter>
    </CustomBuild>
    <CustomBuild Include="include\apr_ldap.hnw">
      <Filter>Generated Files</Filter>
    </CustomBuild>
    <CustomBuild Include="include\apr_ldap.hw">
      <Filter>Generated Files</Filter>
    </CustomBuild>
    <CustomBuild Include="include\apu.h.in">
      <Filter>Generated Files</Filter>
    </CustomBuild>
    <CustomBuild Include="include\apu.hnw">
      <Filter>Generated Files</Filter>
    </CustomBuild>
    <CustomBuild Include="include\apu.hw">
      <Filter>Generated Files</Filter>
    </CustomBuild>
    <CustomBuild Include="include\private\apu_config.h.in">
      <Filter>Generated Files</Filter>
    </CustomBuild>
    <CustomBuild Include="include\private\apu_config.hw">
      <Filter>Generated Files</Filter>
    </CustomBuild>
    <CustomBuild Include="include\private\apu_select_dbm.h.in">
      <Filter>Generated Files</Filter>
    </CustomBuild>
    <CustomBuild Include="include\private\apu_select_dbm.hw">
      <Filter>Generated Files</Filter>
    </CustomBuild>
    <CustomBuild Include="include\apu_want.h.in">
      <Filter>Generated Files</Filter>
    </CustomBuild>
    <CustomBuild Include="include\apu_want.hnw">
      <Filter>Generated Files</Filter>
    </CustomBuild>
    <CustomBuild Include="include\apu_want.hw">
      <Filter>Generated Files</Filter>
    </CustomBuild>
  </ItemGroup>
</Project>