<?xml version="1.0" encoding="utf-8"?>
<Project ToolsVersion="4.0" xmlns="http://schemas.microsoft.com/developer/msbuild/2003">
  <ItemGroup>
    <Filter Include="Source Files">
      <UniqueIdentifier>{01285f1c-7603-4740-a4ad-3e786aa4b703}</UniqueIdentifier>
    </Filter>
    <Filter Include="Public Header Files">
      <UniqueIdentifier>{50835532-d476-48c1-98a3-9d9f7e8ce707}</UniqueIdentifier>
    </Filter>
    <Filter Include="Internal Header Files">
      <UniqueIdentifier>{12565731-c302-40e4-b9ab-6cdf447b9910}</UniqueIdentifier>
    </Filter>
  </ItemGroup>
  <ItemGroup>
    <ClCompile Include="apr_crypto_openssl.c">
      <Filter>Source Files</Filter>
    </ClCompile>
  </ItemGroup>
  <ItemGroup>
    <ClInclude Include="..\include\apr_crypto.h">
      <Filter>Public Header Files</Filter>
    </ClInclude>
    <ClInclude Include="..\include\private\apu_config.h">
      <Filter>Internal Header Files</Filter>
    </ClInclude>
    <ClInclude Include="..\include\private\apu_internal.h">
      <Filter>Internal Header Files</Filter>
    </ClInclude>
  </ItemGroup>
  <ItemGroup>
    <ResourceCompile Include="..\libaprutil.rc" />
  </ItemGroup>
</Project>