
Microsoft Visual Studio Solution File, Format Version 12.00
# Visual Studio 2013
VisualStudioVersion = 12.0.40629.0
MinimumVisualStudioVersion = 10.0.40219.1
Project("{8BC9CEB8-8B4A-11D0-8D11-00A0C91BC942}") = "apr", "apr.vcxproj", "{EF21C1B6-557E-4379-9E2D-C71BD60C5D44}"
EndProject
Project("{8BC9CEB8-8B4A-11D0-8D11-00A0C91BC942}") = "aprapp", "build\aprapp.vcxproj", "{224AEC6F-C948-443B-AAC6-8810F26BDAC1}"
EndProject
Project("{8BC9CEB8-8B4A-11D0-8D11-00A0C91BC942}") = "libapr", "libapr.vcxproj", "{B2B5C6F8-BEDD-4679-BC72-A113CC9013BD}"
EndProject
Project("{8BC9CEB8-8B4A-11D0-8D11-00A0C91BC942}") = "libaprapp", "build\libaprapp.vcxproj", "{E1AD82D7-83B6-4AE3-8D5A-278214FB4862}"
EndProject
Project("{8BC9CEB8-8B4A-11D0-8D11-00A0C91BC942}") = "preaprapp", "build\preaprapp.vcxproj", "{A3716E59-A5BF-4D86-A003-2094CC803C3D}"
EndProject
Project("{8BC9CEB8-8B4A-11D0-8D11-00A0C91BC942}") = "prelibaprapp", "build\prelibaprapp.vcxproj", "{F7FC9CD0-983A-48E1-BFFF-B67822B84B2C}"
EndProject
Global
	GlobalSection(SolutionConfigurationPlatforms) = preSolution
		Debug|Win32 = Debug|Win32
		Debug|x64 = Debug|x64
		Debug9x|Win32 = Debug9x|Win32
		Debug9x|x64 = Debug9x|x64
		Release|Win32 = Release|Win32
		Release|x64 = Release|x64
		Release9x|Win32 = Release9x|Win32
		Release9x|x64 = Release9x|x64
		Template|Win32 = Template|Win32
		Template|x64 = Template|x64
	EndGlobalSection
	GlobalSection(ProjectConfigurationPlatforms) = postSolution
		{EF21C1B6-557E-4379-9E2D-C71BD60C5D44}.Debug|Win32.ActiveCfg = Debug|Win32
		{EF21C1B6-557E-4379-9E2D-C71BD60C5D44}.Debug|Win32.Build.0 = Debug|Win32
		{EF21C1B6-557E-4379-9E2D-C71BD60C5D44}.Debug|x64.ActiveCfg = Debug|x64
		{EF21C1B6-557E-4379-9E2D-C71BD60C5D44}.Debug|x64.Build.0 = Debug|x64
		{EF21C1B6-557E-4379-9E2D-C71BD60C5D44}.Debug9x|Win32.ActiveCfg = Debug9x|Win32
		{EF21C1B6-557E-4379-9E2D-C71BD60C5D44}.Debug9x|Win32.Build.0 = Debug9x|Win32
		{EF21C1B6-557E-4379-9E2D-C71BD60C5D44}.Debug9x|x64.ActiveCfg = Debug9x|x64
		{EF21C1B6-557E-4379-9E2D-C71BD60C5D44}.Debug9x|x64.Build.0 = Debug9x|x64
		{EF21C1B6-557E-4379-9E2D-C71BD60C5D44}.Release|Win32.ActiveCfg = Release|Win32
		{EF21C1B6-557E-4379-9E2D-C71BD60C5D44}.Release|Win32.Build.0 = Release|Win32
		{EF21C1B6-557E-4379-9E2D-C71BD60C5D44}.Release|x64.ActiveCfg = Release|x64
		{EF21C1B6-557E-4379-9E2D-C71BD60C5D44}.Release|x64.Build.0 = Release|x64
		{EF21C1B6-557E-4379-9E2D-C71BD60C5D44}.Release9x|Win32.ActiveCfg = Release9x|Win32
		{EF21C1B6-557E-4379-9E2D-C71BD60C5D44}.Release9x|Win32.Build.0 = Release9x|Win32
		{EF21C1B6-557E-4379-9E2D-C71BD60C5D44}.Release9x|x64.ActiveCfg = Release9x|x64
		{EF21C1B6-557E-4379-9E2D-C71BD60C5D44}.Release9x|x64.Build.0 = Release9x|x64
		{EF21C1B6-557E-4379-9E2D-C71BD60C5D44}.Template|Win32.ActiveCfg = Release9x|Win32
		{EF21C1B6-557E-4379-9E2D-C71BD60C5D44}.Template|Win32.Build.0 = Release9x|Win32
		{EF21C1B6-557E-4379-9E2D-C71BD60C5D44}.Template|x64.ActiveCfg = Release9x|x64
		{EF21C1B6-557E-4379-9E2D-C71BD60C5D44}.Template|x64.Build.0 = Release9x|x64
		{224AEC6F-C948-443B-AAC6-8810F26BDAC1}.Debug|Win32.ActiveCfg = Debug|Win32
		{224AEC6F-C948-443B-AAC6-8810F26BDAC1}.Debug|Win32.Build.0 = Debug|Win32
		{224AEC6F-C948-443B-AAC6-8810F26BDAC1}.Debug|x64.ActiveCfg = Debug|x64
		{224AEC6F-C948-443B-AAC6-8810F26BDAC1}.Debug|x64.Build.0 = Debug|x64
		{224AEC6F-C948-443B-AAC6-8810F26BDAC1}.Debug9x|Win32.ActiveCfg = Debug9x|Win32
		{224AEC6F-C948-443B-AAC6-8810F26BDAC1}.Debug9x|Win32.Build.0 = Debug9x|Win32
		{224AEC6F-C948-443B-AAC6-8810F26BDAC1}.Debug9x|x64.ActiveCfg = Debug9x|x64
		{224AEC6F-C948-443B-AAC6-8810F26BDAC1}.Debug9x|x64.Build.0 = Debug9x|x64
		{224AEC6F-C948-443B-AAC6-8810F26BDAC1}.Release|Win32.ActiveCfg = Release|Win32
		{224AEC6F-C948-443B-AAC6-8810F26BDAC1}.Release|Win32.Build.0 = Release|Win32
		{224AEC6F-C948-443B-AAC6-8810F26BDAC1}.Release|x64.ActiveCfg = Release|x64
		{224AEC6F-C948-443B-AAC6-8810F26BDAC1}.Release|x64.Build.0 = Release|x64
		{224AEC6F-C948-443B-AAC6-8810F26BDAC1}.Release9x|Win32.ActiveCfg = Release9x|Win32
		{224AEC6F-C948-443B-AAC6-8810F26BDAC1}.Release9x|Win32.Build.0 = Release9x|Win32
		{224AEC6F-C948-443B-AAC6-8810F26BDAC1}.Release9x|x64.ActiveCfg = Release9x|x64
		{224AEC6F-C948-443B-AAC6-8810F26BDAC1}.Release9x|x64.Build.0 = Release9x|x64
		{224AEC6F-C948-443B-AAC6-8810F26BDAC1}.Template|Win32.ActiveCfg = Template|Win32
		{224AEC6F-C948-443B-AAC6-8810F26BDAC1}.Template|Win32.Build.0 = Template|Win32
		{224AEC6F-C948-443B-AAC6-8810F26BDAC1}.Template|x64.ActiveCfg = Template|x64
		{224AEC6F-C948-443B-AAC6-8810F26BDAC1}.Template|x64.Build.0 = Template|x64
		{B2B5C6F8-BEDD-4679-BC72-A113CC9013BD}.Debug|Win32.ActiveCfg = Debug|Win32
		{B2B5C6F8-BEDD-4679-BC72-A113CC9013BD}.Debug|Win32.Build.0 = Debug|Win32
		{B2B5C6F8-BEDD-4679-BC72-A113CC9013BD}.Debug|x64.ActiveCfg = Debug|x64
		{B2B5C6F8-BEDD-4679-BC72-A113CC9013BD}.Debug|x64.Build.0 = Debug|x64
		{B2B5C6F8-BEDD-4679-BC72-A113CC9013BD}.Debug9x|Win32.ActiveCfg = Debug9x|Win32
		{B2B5C6F8-BEDD-4679-BC72-A113CC9013BD}.Debug9x|Win32.Build.0 = Debug9x|Win32
		{B2B5C6F8-BEDD-4679-BC72-A113CC9013BD}.Debug9x|x64.ActiveCfg = Debug9x|x64
		{B2B5C6F8-BEDD-4679-BC72-A113CC9013BD}.Debug9x|x64.Build.0 = Debug9x|x64
		{B2B5C6F8-BEDD-4679-BC72-A113CC9013BD}.Release|Win32.ActiveCfg = Release|Win32
		{B2B5C6F8-BEDD-4679-BC72-A113CC9013BD}.Release|Win32.Build.0 = Release|Win32
		{B2B5C6F8-BEDD-4679-BC72-A113CC9013BD}.Release|x64.ActiveCfg = Release|x64
		{B2B5C6F8-BEDD-4679-BC72-A113CC9013BD}.Release|x64.Build.0 = Release|x64
		{B2B5C6F8-BEDD-4679-BC72-A113CC9013BD}.Release9x|Win32.ActiveCfg = Release9x|Win32
		{B2B5C6F8-BEDD-4679-BC72-A113CC9013BD}.Release9x|Win32.Build.0 = Release9x|Win32
		{B2B5C6F8-BEDD-4679-BC72-A113CC9013BD}.Release9x|x64.ActiveCfg = Release9x|x64
		{B2B5C6F8-BEDD-4679-BC72-A113CC9013BD}.Release9x|x64.Build.0 = Release9x|x64
		{B2B5C6F8-BEDD-4679-BC72-A113CC9013BD}.Template|Win32.ActiveCfg = Template|Win32
		{B2B5C6F8-BEDD-4679-BC72-A113CC9013BD}.Template|Win32.Build.0 = Template|Win32
		{B2B5C6F8-BEDD-4679-BC72-A113CC9013BD}.Template|x64.ActiveCfg = Template|x64
		{B2B5C6F8-BEDD-4679-BC72-A113CC9013BD}.Template|x64.Build.0 = Template|x64
		{E1AD82D7-83B6-4AE3-8D5A-278214FB4862}.Debug|Win32.ActiveCfg = Debug|Win32
		{E1AD82D7-83B6-4AE3-8D5A-278214FB4862}.Debug|Win32.Build.0 = Debug|Win32
		{E1AD82D7-83B6-4AE3-8D5A-278214FB4862}.Debug|x64.ActiveCfg = Debug|x64
		{E1AD82D7-83B6-4AE3-8D5A-278214FB4862}.Debug|x64.Build.0 = Debug|x64
		{E1AD82D7-83B6-4AE3-8D5A-278214FB4862}.Debug9x|Win32.ActiveCfg = Debug9x|Win32
		{E1AD82D7-83B6-4AE3-8D5A-278214FB4862}.Debug9x|Win32.Build.0 = Debug9x|Win32
		{E1AD82D7-83B6-4AE3-8D5A-278214FB4862}.Debug9x|x64.ActiveCfg = Debug9x|x64
		{E1AD82D7-83B6-4AE3-8D5A-278214FB4862}.Debug9x|x64.Build.0 = Debug9x|x64
		{E1AD82D7-83B6-4AE3-8D5A-278214FB4862}.Release|Win32.ActiveCfg = Release|Win32
		{E1AD82D7-83B6-4AE3-8D5A-278214FB4862}.Release|Win32.Build.0 = Release|Win32
		{E1AD82D7-83B6-4AE3-8D5A-278214FB4862}.Release|x64.ActiveCfg = Release|x64
		{E1AD82D7-83B6-4AE3-8D5A-278214FB4862}.Release|x64.Build.0 = Release|x64
		{E1AD82D7-83B6-4AE3-8D5A-278214FB4862}.Release9x|Win32.ActiveCfg = Release9x|Win32
		{E1AD82D7-83B6-4AE3-8D5A-278214FB4862}.Release9x|Win32.Build.0 = Release9x|Win32
		{E1AD82D7-83B6-4AE3-8D5A-278214FB4862}.Release9x|x64.ActiveCfg = Release9x|x64
		{E1AD82D7-83B6-4AE3-8D5A-278214FB4862}.Release9x|x64.Build.0 = Release9x|x64
		{E1AD82D7-83B6-4AE3-8D5A-278214FB4862}.Template|Win32.ActiveCfg = Template|Win32
		{E1AD82D7-83B6-4AE3-8D5A-278214FB4862}.Template|Win32.Build.0 = Template|Win32
		{E1AD82D7-83B6-4AE3-8D5A-278214FB4862}.Template|x64.ActiveCfg = Template|x64
		{E1AD82D7-83B6-4AE3-8D5A-278214FB4862}.Template|x64.Build.0 = Template|x64
		{A3716E59-A5BF-4D86-A003-2094CC803C3D}.Debug|Win32.ActiveCfg = Debug|Win32
		{A3716E59-A5BF-4D86-A003-2094CC803C3D}.Debug|Win32.Build.0 = Debug|Win32
		{A3716E59-A5BF-4D86-A003-2094CC803C3D}.Debug|x64.ActiveCfg = Debug|x64
		{A3716E59-A5BF-4D86-A003-2094CC803C3D}.Debug|x64.Build.0 = Debug|x64
		{A3716E59-A5BF-4D86-A003-2094CC803C3D}.Debug9x|Win32.ActiveCfg = Debug9x|Win32
		{A3716E59-A5BF-4D86-A003-2094CC803C3D}.Debug9x|Win32.Build.0 = Debug9x|Win32
		{A3716E59-A5BF-4D86-A003-2094CC803C3D}.Debug9x|x64.ActiveCfg = Debug9x|x64
		{A3716E59-A5BF-4D86-A003-2094CC803C3D}.Debug9x|x64.Build.0 = Debug9x|x64
		{A3716E59-A5BF-4D86-A003-2094CC803C3D}.Release|Win32.ActiveCfg = Release|Win32
		{A3716E59-A5BF-4D86-A003-2094CC803C3D}.Release|Win32.Build.0 = Release|Win32
		{A3716E59-A5BF-4D86-A003-2094CC803C3D}.Release|x64.ActiveCfg = Release|x64
		{A3716E59-A5BF-4D86-A003-2094CC803C3D}.Release|x64.Build.0 = Release|x64
		{A3716E59-A5BF-4D86-A003-2094CC803C3D}.Release9x|Win32.ActiveCfg = Release9x|Win32
		{A3716E59-A5BF-4D86-A003-2094CC803C3D}.Release9x|Win32.Build.0 = Release9x|Win32
		{A3716E59-A5BF-4D86-A003-2094CC803C3D}.Release9x|x64.ActiveCfg = Release9x|x64
		{A3716E59-A5BF-4D86-A003-2094CC803C3D}.Release9x|x64.Build.0 = Release9x|x64
		{A3716E59-A5BF-4D86-A003-2094CC803C3D}.Template|Win32.ActiveCfg = Template|Win32
		{A3716E59-A5BF-4D86-A003-2094CC803C3D}.Template|Win32.Build.0 = Template|Win32
		{A3716E59-A5BF-4D86-A003-2094CC803C3D}.Template|x64.ActiveCfg = Template|x64
		{A3716E59-A5BF-4D86-A003-2094CC803C3D}.Template|x64.Build.0 = Template|x64
		{F7FC9CD0-983A-48E1-BFFF-B67822B84B2C}.Debug|Win32.ActiveCfg = Debug|Win32
		{F7FC9CD0-983A-48E1-BFFF-B67822B84B2C}.Debug|Win32.Build.0 = Debug|Win32
		{F7FC9CD0-983A-48E1-BFFF-B67822B84B2C}.Debug|x64.ActiveCfg = Debug|x64
		{F7FC9CD0-983A-48E1-BFFF-B67822B84B2C}.Debug|x64.Build.0 = Debug|x64
		{F7FC9CD0-983A-48E1-BFFF-B67822B84B2C}.Debug9x|Win32.ActiveCfg = Debug9x|Win32
		{F7FC9CD0-983A-48E1-BFFF-B67822B84B2C}.Debug9x|Win32.Build.0 = Debug9x|Win32
		{F7FC9CD0-983A-48E1-BFFF-B67822B84B2C}.Debug9x|x64.ActiveCfg = Debug9x|x64
		{F7FC9CD0-983A-48E1-BFFF-B67822B84B2C}.Debug9x|x64.Build.0 = Debug9x|x64
		{F7FC9CD0-983A-48E1-BFFF-B67822B84B2C}.Release|Win32.ActiveCfg = Release|Win32
		{F7FC9CD0-983A-48E1-BFFF-B67822B84B2C}.Release|Win32.Build.0 = Release|Win32
		{F7FC9CD0-983A-48E1-BFFF-B67822B84B2C}.Release|x64.ActiveCfg = Release|x64
		{F7FC9CD0-983A-48E1-BFFF-B67822B84B2C}.Release|x64.Build.0 = Release|x64
		{F7FC9CD0-983A-48E1-BFFF-B67822B84B2C}.Release9x|Win32.ActiveCfg = Release9x|Win32
		{F7FC9CD0-983A-48E1-BFFF-B67822B84B2C}.Release9x|Win32.Build.0 = Release9x|Win32
		{F7FC9CD0-983A-48E1-BFFF-B67822B84B2C}.Release9x|x64.ActiveCfg = Release9x|x64
		{F7FC9CD0-983A-48E1-BFFF-B67822B84B2C}.Release9x|x64.Build.0 = Release9x|x64
		{F7FC9CD0-983A-48E1-BFFF-B67822B84B2C}.Template|Win32.ActiveCfg = Template|Win32
		{F7FC9CD0-983A-48E1-BFFF-B67822B84B2C}.Template|Win32.Build.0 = Template|Win32
		{F7FC9CD0-983A-48E1-BFFF-B67822B84B2C}.Template|x64.ActiveCfg = Template|x64
		{F7FC9CD0-983A-48E1-BFFF-B67822B84B2C}.Template|x64.Build.0 = Template|x64
	EndGlobalSection
	GlobalSection(SolutionProperties) = preSolution
		HideSolutionNode = FALSE
	EndGlobalSection
EndGlobal
