<?xml version="1.0" encoding="utf-8"?>
<Project ToolsVersion="4.0" xmlns="http://schemas.microsoft.com/developer/msbuild/2003">
  <ItemGroup>
    <Filter Include="Source Files">
      <UniqueIdentifier>{ee774424-c036-4f1a-a558-9b4957a434f9}</UniqueIdentifier>
      <Extensions>.c</Extensions>
    </Filter>
    <Filter Include="Source Files\lib">
      <UniqueIdentifier>{bf6ebd04-2817-4229-8f78-e6bdbe5f6249}</UniqueIdentifier>
    </Filter>
    <Filter Include="Header Files">
      <UniqueIdentifier>{e4b8533b-3df5-44ed-abbd-080b2d5a3145}</UniqueIdentifier>
      <Extensions>.h</Extensions>
    </Filter>
  </ItemGroup>
  <ItemGroup>
    <ClCompile Include="lib\iconv.c">
      <Filter>Source Files\lib</Filter>
    </ClCompile>
    <ClCompile Include="lib\iconv_ces.c">
      <Filter>Source Files\lib</Filter>
    </ClCompile>
    <ClCompile Include="lib\iconv_ces_euc.c">
      <Filter>Source Files\lib</Filter>
    </ClCompile>
    <ClCompile Include="lib\iconv_ces_iso2022.c">
      <Filter>Source Files\lib</Filter>
    </ClCompile>
    <ClCompile Include="lib\iconv_int.c">
      <Filter>Source Files\lib</Filter>
    </ClCompile>
    <ClCompile Include="lib\iconv_module.c">
      <Filter>Source Files\lib</Filter>
    </ClCompile>
    <ClCompile Include="lib\iconv_uc.c">
      <Filter>Source Files\lib</Filter>
    </ClCompile>
  </ItemGroup>
  <ItemGroup>
    <ClInclude Include="include\api_version.h">
      <Filter>Header Files</Filter>
    </ClInclude>
    <ClInclude Include="include\apr_iconv.h">
      <Filter>Header Files</Filter>
    </ClInclude>
    <ClInclude Include="lib\charset_alias.h">
      <Filter>Header Files</Filter>
    </ClInclude>
    <ClInclude Include="lib\iconv.h">
      <Filter>Header Files</Filter>
    </ClInclude>
  </ItemGroup>
</Project>